// !$*UTF8*$!
{
	archiveVersion = 1;
	classes = {
	};
	objectVersion = 51;
	objects = {

/* Begin PBXBuildFile section */
		6C2BF53A23CFD990872C098B /* Pods_StudyGuide.framework in Frameworks */ = {isa = PBXBuildFile; fileRef = 6547D03F911AA602B68C4404 /* Pods_StudyGuide.framework */; };
		CC83854E2567983100242B54 /* AppDelegate.swift in Sources */ = {isa = PBXBuildFile; fileRef = CC83854D2567983100242B54 /* AppDelegate.swift */; };
		CC8385502567983100242B54 /* SceneDelegate.swift in Sources */ = {isa = PBXBuildFile; fileRef = CC83854F2567983100242B54 /* SceneDelegate.swift */; };
		CC8385522567983100242B54 /* WelcomeViewController.swift in Sources */ = {isa = PBXBuildFile; fileRef = CC8385512567983100242B54 /* WelcomeViewController.swift */; };
		CC8385572567983100242B54 /* Assets.xcassets in Resources */ = {isa = PBXBuildFile; fileRef = CC8385562567983100242B54 /* Assets.xcassets */; };
		CC83855A2567983100242B54 /* LaunchScreen.storyboard in Resources */ = {isa = PBXBuildFile; fileRef = CC8385582567983100242B54 /* LaunchScreen.storyboard */; };
		CC8385632567988100242B54 /* GoogleService-Info.plist in Resources */ = {isa = PBXBuildFile; fileRef = CC8385622567988100242B54 /* GoogleService-Info.plist */; };
/* End PBXBuildFile section */

/* Begin PBXFileReference section */
		168E41195263D7403AB8922F /* Pods-StudyGuide.release.xcconfig */ = {isa = PBXFileReference; includeInIndex = 1; lastKnownFileType = text.xcconfig; name = "Pods-StudyGuide.release.xcconfig"; path = "Target Support Files/Pods-StudyGuide/Pods-StudyGuide.release.xcconfig"; sourceTree = "<group>"; };
		6547D03F911AA602B68C4404 /* Pods_StudyGuide.framework */ = {isa = PBXFileReference; explicitFileType = wrapper.framework; includeInIndex = 0; path = Pods_StudyGuide.framework; sourceTree = BUILT_PRODUCTS_DIR; };
		C7957EAECEA1A68CDC144EC6 /* Pods-StudyGuide.debug.xcconfig */ = {isa = PBXFileReference; includeInIndex = 1; lastKnownFileType = text.xcconfig; name = "Pods-StudyGuide.debug.xcconfig"; path = "Target Support Files/Pods-StudyGuide/Pods-StudyGuide.debug.xcconfig"; sourceTree = "<group>"; };
		CC83854A2567983100242B54 /* StudyGuide.app */ = {isa = PBXFileReference; explicitFileType = wrapper.application; includeInIndex = 0; path = StudyGuide.app; sourceTree = BUILT_PRODUCTS_DIR; };
		CC83854D2567983100242B54 /* AppDelegate.swift */ = {isa = PBXFileReference; lastKnownFileType = sourcecode.swift; path = AppDelegate.swift; sourceTree = "<group>"; };
		CC83854F2567983100242B54 /* SceneDelegate.swift */ = {isa = PBXFileReference; lastKnownFileType = sourcecode.swift; path = SceneDelegate.swift; sourceTree = "<group>"; };
		CC8385512567983100242B54 /* WelcomeViewController.swift */ = {isa = PBXFileReference; lastKnownFileType = sourcecode.swift; path = WelcomeViewController.swift; sourceTree = "<group>"; };
		CC8385562567983100242B54 /* Assets.xcassets */ = {isa = PBXFileReference; lastKnownFileType = folder.assetcatalog; path = Assets.xcassets; sourceTree = "<group>"; };
		CC8385592567983100242B54 /* Base */ = {isa = PBXFileReference; lastKnownFileType = file.storyboard; name = Base; path = Base.lproj/LaunchScreen.storyboard; sourceTree = "<group>"; };
		CC83855B2567983100242B54 /* Info.plist */ = {isa = PBXFileReference; lastKnownFileType = text.plist.xml; name = Info.plist; path = "StudyGuide/Support Files/Info.plist"; sourceTree = SOURCE_ROOT; };
		CC8385622567988100242B54 /* GoogleService-Info.plist */ = {isa = PBXFileReference; fileEncoding = 4; lastKnownFileType = text.plist.xml; path = "GoogleService-Info.plist"; sourceTree = "<group>"; };
/* End PBXFileReference section */

/* Begin PBXFrameworksBuildPhase section */
		CC8385472567983100242B54 /* Frameworks */ = {
			isa = PBXFrameworksBuildPhase;
			buildActionMask = 2147483647;
			files = (
				6C2BF53A23CFD990872C098B /* Pods_StudyGuide.framework in Frameworks */,
			);
			runOnlyForDeploymentPostprocessing = 0;
		};
/* End PBXFrameworksBuildPhase section */

/* Begin PBXGroup section */
		3A73C23F2567A383003153A8 /* Support Files */ = {
			isa = PBXGroup;
			children = (
				CC83854D2567983100242B54 /* AppDelegate.swift */,
				CC83854F2567983100242B54 /* SceneDelegate.swift */,
				CC8385562567983100242B54 /* Assets.xcassets */,
				CC8385582567983100242B54 /* LaunchScreen.storyboard */,
				CC8385622567988100242B54 /* GoogleService-Info.plist */,
				CC83855B2567983100242B54 /* Info.plist */,
			);
			path = "Support Files";
			sourceTree = "<group>";
		};
		9D9EED3DC25B79C0C00C1D23 /* Frameworks */ = {
			isa = PBXGroup;
			children = (
				6547D03F911AA602B68C4404 /* Pods_StudyGuide.framework */,
			);
			name = Frameworks;
			sourceTree = "<group>";
		};
		CC8385412567983100242B54 = {
			isa = PBXGroup;
			children = (
				CC83854C2567983100242B54 /* StudyGuide */,
				CC83854B2567983100242B54 /* Products */,
				EFFD54C4D93928A09F7FB41F /* Pods */,
				9D9EED3DC25B79C0C00C1D23 /* Frameworks */,
			);
			sourceTree = "<group>";
		};
		CC83854B2567983100242B54 /* Products */ = {
			isa = PBXGroup;
			children = (
				CC83854A2567983100242B54 /* StudyGuide.app */,
			);
			name = Products;
			sourceTree = "<group>";
		};
		CC83854C2567983100242B54 /* StudyGuide */ = {
			isa = PBXGroup;
			children = (
				3A73C23F2567A383003153A8 /* Support Files */,
				CC8385512567983100242B54 /* WelcomeViewController.swift */,
			);
			path = StudyGuide;
			sourceTree = "<group>";
		};
		EFFD54C4D93928A09F7FB41F /* Pods */ = {
			isa = PBXGroup;
			children = (
				C7957EAECEA1A68CDC144EC6 /* Pods-StudyGuide.debug.xcconfig */,
				168E41195263D7403AB8922F /* Pods-StudyGuide.release.xcconfig */,
			);
			path = Pods;
			sourceTree = "<group>";
		};
/* End PBXGroup section */

/* Begin PBXNativeTarget section */
		CC8385492567983100242B54 /* StudyGuide */ = {
			isa = PBXNativeTarget;
			buildConfigurationList = CC83855E2567983100242B54 /* Build configuration list for PBXNativeTarget "StudyGuide" */;
			buildPhases = (
				B61AC392EC95AC09169FC659 /* [CP] Check Pods Manifest.lock */,
				CC8385462567983100242B54 /* Sources */,
				CC8385472567983100242B54 /* Frameworks */,
				CC8385482567983100242B54 /* Resources */,
				F8FF6E3E49FF4ACB5C8C3BAE /* [CP] Embed Pods Frameworks */,
			);
			buildRules = (
			);
			dependencies = (
			);
			name = StudyGuide;
			productName = StudyGuide;
			productReference = CC83854A2567983100242B54 /* StudyGuide.app */;
			productType = "com.apple.product-type.application";
		};
/* End PBXNativeTarget section */

/* Begin PBXProject section */
		CC8385422567983100242B54 /* Project object */ = {
			isa = PBXProject;
			attributes = {
				LastSwiftUpdateCheck = 1220;
				LastUpgradeCheck = 1220;
				TargetAttributes = {
					CC8385492567983100242B54 = {
						CreatedOnToolsVersion = 12.2;
					};
				};
			};
			buildConfigurationList = CC8385452567983100242B54 /* Build configuration list for PBXProject "StudyGuide" */;
			compatibilityVersion = "Xcode 9.3";
			developmentRegion = en;
			hasScannedForEncodings = 0;
			knownRegions = (
				en,
				Base,
			);
			mainGroup = CC8385412567983100242B54;
			productRefGroup = CC83854B2567983100242B54 /* Products */;
			projectDirPath = "";
			projectRoot = "";
			targets = (
				CC8385492567983100242B54 /* StudyGuide */,
			);
		};
/* End PBXProject section */

/* Begin PBXResourcesBuildPhase section */
		CC8385482567983100242B54 /* Resources */ = {
			isa = PBXResourcesBuildPhase;
			buildActionMask = 2147483647;
			files = (
				CC83855A2567983100242B54 /* LaunchScreen.storyboard in Resources */,
				CC8385632567988100242B54 /* GoogleService-Info.plist in Resources */,
				CC8385572567983100242B54 /* Assets.xcassets in Resources */,
			);
			runOnlyForDeploymentPostprocessing = 0;
		};
/* End PBXResourcesBuildPhase section */

/* Begin PBXShellScriptBuildPhase section */
		B61AC392EC95AC09169FC659 /* [CP] Check Pods Manifest.lock */ = {
			isa = PBXShellScriptBuildPhase;
			buildActionMask = 2147483647;
			files = (
			);
			inputFileListPaths = (
			);
			inputPaths = (
				"${PODS_PODFILE_DIR_PATH}/Podfile.lock",
				"${PODS_ROOT}/Manifest.lock",
			);
			name = "[CP] Check Pods Manifest.lock";
			outputFileListPaths = (
			);
			outputPaths = (
				"$(DERIVED_FILE_DIR)/Pods-StudyGuide-checkManifestLockResult.txt",
			);
			runOnlyForDeploymentPostprocessing = 0;
			shellPath = /bin/sh;
			shellScript = "diff \"${PODS_PODFILE_DIR_PATH}/Podfile.lock\" \"${PODS_ROOT}/Manifest.lock\" > /dev/null\nif [ $? != 0 ] ; then\n    # print error to STDERR\n    echo \"error: The sandbox is not in sync with the Podfile.lock. Run 'pod install' or update your CocoaPods installation.\" >&2\n    exit 1\nfi\n# This output is used by Xcode 'outputs' to avoid re-running this script phase.\necho \"SUCCESS\" > \"${SCRIPT_OUTPUT_FILE_0}\"\n";
			showEnvVarsInLog = 0;
		};
		F8FF6E3E49FF4ACB5C8C3BAE /* [CP] Embed Pods Frameworks */ = {
			isa = PBXShellScriptBuildPhase;
			buildActionMask = 2147483647;
			files = (
			);
			inputFileListPaths = (
				"${PODS_ROOT}/Target Support Files/Pods-StudyGuide/Pods-StudyGuide-frameworks-${CONFIGURATION}-input-files.xcfilelist",
			);
			name = "[CP] Embed Pods Frameworks";
			outputFileListPaths = (
				"${PODS_ROOT}/Target Support Files/Pods-StudyGuide/Pods-StudyGuide-frameworks-${CONFIGURATION}-output-files.xcfilelist",
			);
			runOnlyForDeploymentPostprocessing = 0;
			shellPath = /bin/sh;
			shellScript = "\"${PODS_ROOT}/Target Support Files/Pods-StudyGuide/Pods-StudyGuide-frameworks.sh\"\n";
			showEnvVarsInLog = 0;
		};
/* End PBXShellScriptBuildPhase section */

/* Begin PBXSourcesBuildPhase section */
		CC8385462567983100242B54 /* Sources */ = {
			isa = PBXSourcesBuildPhase;
			buildActionMask = 2147483647;
			files = (
				CC8385522567983100242B54 /* WelcomeViewController.swift in Sources */,
				CC83854E2567983100242B54 /* AppDelegate.swift in Sources */,
				CC8385502567983100242B54 /* SceneDelegate.swift in Sources */,
			);
			runOnlyForDeploymentPostprocessing = 0;
		};
/* End PBXSourcesBuildPhase section */

/* Begin PBXVariantGroup section */
		CC8385582567983100242B54 /* LaunchScreen.storyboard */ = {
			isa = PBXVariantGroup;
			children = (
				CC8385592567983100242B54 /* Base */,
			);
			name = LaunchScreen.storyboard;
			sourceTree = "<group>";
		};
/* End PBXVariantGroup section */

/* Begin XCBuildConfiguration section */
		CC83855C2567983100242B54 /* Debug */ = {
			isa = XCBuildConfiguration;
			buildSettings = {
				ALWAYS_SEARCH_USER_PATHS = NO;
				CLANG_ANALYZER_NONNULL = YES;
				CLANG_ANALYZER_NUMBER_OBJECT_CONVERSION = YES_AGGRESSIVE;
				CLANG_CXX_LANGUAGE_STANDARD = "gnu++14";
				CLANG_CXX_LIBRARY = "libc++";
				CLANG_ENABLE_MODULES = YES;
				CLANG_ENABLE_OBJC_ARC = YES;
				CLANG_ENABLE_OBJC_WEAK = YES;
				CLANG_WARN_BLOCK_CAPTURE_AUTORELEASING = YES;
				CLANG_WARN_BOOL_CONVERSION = YES;
				CLANG_WARN_COMMA = YES;
				CLANG_WARN_CONSTANT_CONVERSION = YES;
				CLANG_WARN_DEPRECATED_OBJC_IMPLEMENTATIONS = YES;
				CLANG_WARN_DIRECT_OBJC_ISA_USAGE = YES_ERROR;
				CLANG_WARN_DOCUMENTATION_COMMENTS = YES;
				CLANG_WARN_EMPTY_BODY = YES;
				CLANG_WARN_ENUM_CONVERSION = YES;
				CLANG_WARN_INFINITE_RECURSION = YES;
				CLANG_WARN_INT_CONVERSION = YES;
				CLANG_WARN_NON_LITERAL_NULL_CONVERSION = YES;
				CLANG_WARN_OBJC_IMPLICIT_RETAIN_SELF = YES;
				CLANG_WARN_OBJC_LITERAL_CONVERSION = YES;
				CLANG_WARN_OBJC_ROOT_CLASS = YES_ERROR;
				CLANG_WARN_QUOTED_INCLUDE_IN_FRAMEWORK_HEADER = YES;
				CLANG_WARN_RANGE_LOOP_ANALYSIS = YES;
				CLANG_WARN_STRICT_PROTOTYPES = YES;
				CLANG_WARN_SUSPICIOUS_MOVE = YES;
				CLANG_WARN_UNGUARDED_AVAILABILITY = YES_AGGRESSIVE;
				CLANG_WARN_UNREACHABLE_CODE = YES;
				CLANG_WARN__DUPLICATE_METHOD_MATCH = YES;
				COPY_PHASE_STRIP = NO;
				DEBUG_INFORMATION_FORMAT = dwarf;
				ENABLE_STRICT_OBJC_MSGSEND = YES;
				ENABLE_TESTABILITY = YES;
				GCC_C_LANGUAGE_STANDARD = gnu11;
				GCC_DYNAMIC_NO_PIC = NO;
				GCC_NO_COMMON_BLOCKS = YES;
				GCC_OPTIMIZATION_LEVEL = 0;
				GCC_PREPROCESSOR_DEFINITIONS = (
					"DEBUG=1",
					"$(inherited)",
				);
				GCC_WARN_64_TO_32_BIT_CONVERSION = YES;
				GCC_WARN_ABOUT_RETURN_TYPE = YES_ERROR;
				GCC_WARN_UNDECLARED_SELECTOR = YES;
				GCC_WARN_UNINITIALIZED_AUTOS = YES_AGGRESSIVE;
				GCC_WARN_UNUSED_FUNCTION = YES;
				GCC_WARN_UNUSED_VARIABLE = YES;
				IPHONEOS_DEPLOYMENT_TARGET = 14.2;
				MTL_ENABLE_DEBUG_INFO = INCLUDE_SOURCE;
				MTL_FAST_MATH = YES;
				ONLY_ACTIVE_ARCH = YES;
				SDKROOT = iphoneos;
				SWIFT_ACTIVE_COMPILATION_CONDITIONS = DEBUG;
				SWIFT_OPTIMIZATION_LEVEL = "-Onone";
			};
			name = Debug;
		};
		CC83855D2567983100242B54 /* Release */ = {
			isa = XCBuildConfiguration;
			buildSettings = {
				ALWAYS_SEARCH_USER_PATHS = NO;
				CLANG_ANALYZER_NONNULL = YES;
				CLANG_ANALYZER_NUMBER_OBJECT_CONVERSION = YES_AGGRESSIVE;
				CLANG_CXX_LANGUAGE_STANDARD = "gnu++14";
				CLANG_CXX_LIBRARY = "libc++";
				CLANG_ENABLE_MODULES = YES;
				CLANG_ENABLE_OBJC_ARC = YES;
				CLANG_ENABLE_OBJC_WEAK = YES;
				CLANG_WARN_BLOCK_CAPTURE_AUTORELEASING = YES;
				CLANG_WARN_BOOL_CONVERSION = YES;
				CLANG_WARN_COMMA = YES;
				CLANG_WARN_CONSTANT_CONVERSION = YES;
				CLANG_WARN_DEPRECATED_OBJC_IMPLEMENTATIONS = YES;
				CLANG_WARN_DIRECT_OBJC_ISA_USAGE = YES_ERROR;
				CLANG_WARN_DOCUMENTATION_COMMENTS = YES;
				CLANG_WARN_EMPTY_BODY = YES;
				CLANG_WARN_ENUM_CONVERSION = YES;
				CLANG_WARN_INFINITE_RECURSION = YES;
				CLANG_WARN_INT_CONVERSION = YES;
				CLANG_WARN_NON_LITERAL_NULL_CONVERSION = YES;
				CLANG_WARN_OBJC_IMPLICIT_RETAIN_SELF = YES;
				CLANG_WARN_OBJC_LITERAL_CONVERSION = YES;
				CLANG_WARN_OBJC_ROOT_CLASS = YES_ERROR;
				CLANG_WARN_QUOTED_INCLUDE_IN_FRAMEWORK_HEADER = YES;
				CLANG_WARN_RANGE_LOOP_ANALYSIS = YES;
				CLANG_WARN_STRICT_PROTOTYPES = YES;
				CLANG_WARN_SUSPICIOUS_MOVE = YES;
				CLANG_WARN_UNGUARDED_AVAILABILITY = YES_AGGRESSIVE;
				CLANG_WARN_UNREACHABLE_CODE = YES;
				CLANG_WARN__DUPLICATE_METHOD_MATCH = YES;
				COPY_PHASE_STRIP = NO;
				DEBUG_INFORMATION_FORMAT = "dwarf-with-dsym";
				ENABLE_NS_ASSERTIONS = NO;
				ENABLE_STRICT_OBJC_MSGSEND = YES;
				GCC_C_LANGUAGE_STANDARD = gnu11;
				GCC_NO_COMMON_BLOCKS = YES;
				GCC_WARN_64_TO_32_BIT_CONVERSION = YES;
				GCC_WARN_ABOUT_RETURN_TYPE = YES_ERROR;
				GCC_WARN_UNDECLARED_SELECTOR = YES;
				GCC_WARN_UNINITIALIZED_AUTOS = YES_AGGRESSIVE;
				GCC_WARN_UNUSED_FUNCTION = YES;
				GCC_WARN_UNUSED_VARIABLE = YES;
				IPHONEOS_DEPLOYMENT_TARGET = 14.2;
				MTL_ENABLE_DEBUG_INFO = NO;
				MTL_FAST_MATH = YES;
				SDKROOT = iphoneos;
				SWIFT_COMPILATION_MODE = wholemodule;
				SWIFT_OPTIMIZATION_LEVEL = "-O";
				VALIDATE_PRODUCT = YES;
			};
			name = Release;
		};
		CC83855F2567983100242B54 /* Debug */ = {
			isa = XCBuildConfiguration;
			baseConfigurationReference = C7957EAECEA1A68CDC144EC6 /* Pods-StudyGuide.debug.xcconfig */;
			buildSettings = {
				ASSETCATALOG_COMPILER_APPICON_NAME = AppIcon;
				ASSETCATALOG_COMPILER_GLOBAL_ACCENT_COLOR_NAME = AccentColor;
				CODE_SIGN_STYLE = Automatic;
				CURRENT_PROJECT_VERSION = 1;
				DEVELOPMENT_TEAM = ZD753K9SY2;
				INFOPLIST_FILE = "StudyGuide/Support Files/Info.plist";
				LD_RUNPATH_SEARCH_PATHS = (
					"$(inherited)",
					"@executable_path/Frameworks",
				);
				MARKETING_VERSION = 1.0;
				PRODUCT_BUNDLE_IDENTIFIER = com.aaronfulwider.StudyGuide;
				PRODUCT_NAME = "$(TARGET_NAME)";
				SWIFT_VERSION = 5.0;
				TARGETED_DEVICE_FAMILY = "1,2";
			};
			name = Debug;
		};
		CC8385602567983100242B54 /* Release */ = {
			isa = XCBuildConfiguration;
			baseConfigurationReference = 168E41195263D7403AB8922F /* Pods-StudyGuide.release.xcconfig */;
			buildSettings = {
				ASSETCATALOG_COMPILER_APPICON_NAME = AppIcon;
				ASSETCATALOG_COMPILER_GLOBAL_ACCENT_COLOR_NAME = AccentColor;
				CODE_SIGN_STYLE = Automatic;
				CURRENT_PROJECT_VERSION = 1;
				DEVELOPMENT_TEAM = ZD753K9SY2;
				INFOPLIST_FILE = "StudyGuide/Support Files/Info.plist";
				LD_RUNPATH_SEARCH_PATHS = (
					"$(inherited)",
					"@executable_path/Frameworks",
				);
				MARKETING_VERSION = 1.0;
				PRODUCT_BUNDLE_IDENTIFIER = com.aaronfulwider.StudyGuide;
				PRODUCT_NAME = "$(TARGET_NAME)";
				SWIFT_VERSION = 5.0;
				TARGETED_DEVICE_FAMILY = "1,2";
			};
			name = Release;
		};
/* End XCBuildConfiguration section */

/* Begin XCConfigurationList section */
		CC8385452567983100242B54 /* Build configuration list for PBXProject "StudyGuide" */ = {
			isa = XCConfigurationList;
			buildConfigurations = (
				CC83855C2567983100242B54 /* Debug */,
				CC83855D2567983100242B54 /* Release */,
			);
			defaultConfigurationIsVisible = 0;
			defaultConfigurationName = Release;
		};
		CC83855E2567983100242B54 /* Build configuration list for PBXNativeTarget "StudyGuide" */ = {
			isa = XCConfigurationList;
			buildConfigurations = (
				CC83855F2567983100242B54 /* Debug */,
				CC8385602567983100242B54 /* Release */,
			);
			defaultConfigurationIsVisible = 0;
			defaultConfigurationName = Release;
		};
/* End XCConfigurationList section */
	};
	rootObject = CC8385422567983100242B54 /* Project object */;
}
